// !$*UTF8*$!
{
	archiveVersion = 1;
	classes = {
	};
	objectVersion = 50;
	objects = {

/* Begin PBXBuildFile section */
		79B3F4DC212D352F00620363 /* AppDelegate.swift in Sources */ = {isa = PBXBuildFile; fileRef = 79B3F4DB212D352F00620363 /* AppDelegate.swift */; };
		79B3F4DE212D352F00620363 /* ViewController.swift in Sources */ = {isa = PBXBuildFile; fileRef = 79B3F4DD212D352F00620363 /* ViewController.swift */; };
		79B3F4E1212D352F00620363 /* Main.storyboard in Resources */ = {isa = PBXBuildFile; fileRef = 79B3F4DF212D352F00620363 /* Main.storyboard */; };
		79B3F4E3212D353100620363 /* Assets.xcassets in Resources */ = {isa = PBXBuildFile; fileRef = 79B3F4E2212D353100620363 /* Assets.xcassets */; };
		79B3F4E6212D353100620363 /* LaunchScreen.storyboard in Resources */ = {isa = PBXBuildFile; fileRef = 79B3F4E4212D353100620363 /* LaunchScreen.storyboard */; };
		79B3F4EF212D354700620363 /* ViewController.swift in Sources */ = {isa = PBXBuildFile; fileRef = 79B3F4DD212D352F00620363 /* ViewController.swift */; };
		79B3F4F0212D354700620363 /* AppDelegate.swift in Sources */ = {isa = PBXBuildFile; fileRef = 79B3F4DB212D352F00620363 /* AppDelegate.swift */; };
		79B3F4F3212D354700620363 /* LaunchScreen.storyboard in Resources */ = {isa = PBXBuildFile; fileRef = 79B3F4E4212D353100620363 /* LaunchScreen.storyboard */; };
		79B3F4F4212D354700620363 /* Assets.xcassets in Resources */ = {isa = PBXBuildFile; fileRef = 79B3F4E2212D353100620363 /* Assets.xcassets */; };
		79B3F4F5212D354700620363 /* Main.storyboard in Resources */ = {isa = PBXBuildFile; fileRef = 79B3F4DF212D352F00620363 /* Main.storyboard */; };
		79B3F500212D6E0100620363 /* UserServices.swift in Sources */ = {isa = PBXBuildFile; fileRef = 79B3F4FC212D6E0100620363 /* UserServices.swift */; };
		79B3F501212D6E0100620363 /* UserServices.swift in Sources */ = {isa = PBXBuildFile; fileRef = 79B3F4FC212D6E0100620363 /* UserServices.swift */; };
		79B3F502212D6E0100620363 /* Address.swift in Sources */ = {isa = PBXBuildFile; fileRef = 79B3F4FD212D6E0100620363 /* Address.swift */; };
		79B3F503212D6E0100620363 /* Address.swift in Sources */ = {isa = PBXBuildFile; fileRef = 79B3F4FD212D6E0100620363 /* Address.swift */; };
		79B3F504212D6E0100620363 /* User.swift in Sources */ = {isa = PBXBuildFile; fileRef = 79B3F4FE212D6E0100620363 /* User.swift */; };
		79B3F505212D6E0100620363 /* User.swift in Sources */ = {isa = PBXBuildFile; fileRef = 79B3F4FE212D6E0100620363 /* User.swift */; };
		79B3F506212D6E0100620363 /* Geo.swift in Sources */ = {isa = PBXBuildFile; fileRef = 79B3F4FF212D6E0100620363 /* Geo.swift */; };
		79B3F507212D6E0100620363 /* Geo.swift in Sources */ = {isa = PBXBuildFile; fileRef = 79B3F4FF212D6E0100620363 /* Geo.swift */; };
		79B3F509212D6EB600620363 /* Ext.swift in Sources */ = {isa = PBXBuildFile; fileRef = 79B3F508212D6EB600620363 /* Ext.swift */; };
		79B3F50A212D6EB600620363 /* Ext.swift in Sources */ = {isa = PBXBuildFile; fileRef = 79B3F508212D6EB600620363 /* Ext.swift */; };
		79B3F50F212D728D00620363 /* TableViewCell.swift in Sources */ = {isa = PBXBuildFile; fileRef = 79B3F50E212D728D00620363 /* TableViewCell.swift */; };
		79B3F510212D728D00620363 /* TableViewCell.swift in Sources */ = {isa = PBXBuildFile; fileRef = 79B3F50E212D728D00620363 /* TableViewCell.swift */; };
		805584442459CA3E47E8E4B5 /* Pods_people_Dev.framework in Frameworks */ = {isa = PBXBuildFile; fileRef = 33BF9B0E41E75B234C3BD023 /* Pods_people_Dev.framework */; };
		9927100459F3BDB20526F00C /* Pods_people.framework in Frameworks */ = {isa = PBXBuildFile; fileRef = BA318027291B37F1AC862FF0 /* Pods_people.framework */; };
/* End PBXBuildFile section */

/* Begin PBXFileReference section */
		063E7669D03909BA58303FFF /* Pods-people Dev.release.xcconfig */ = {isa = PBXFileReference; includeInIndex = 1; lastKnownFileType = text.xcconfig; name = "Pods-people Dev.release.xcconfig"; path = "Pods/Target Support Files/Pods-people Dev/Pods-people Dev.release.xcconfig"; sourceTree = "<group>"; };
		33BF9B0E41E75B234C3BD023 /* Pods_people_Dev.framework */ = {isa = PBXFileReference; explicitFileType = wrapper.framework; includeInIndex = 0; path = Pods_people_Dev.framework; sourceTree = BUILT_PRODUCTS_DIR; };
		430DDBACB5ECFF84EFED8C31 /* Pods-people.release.xcconfig */ = {isa = PBXFileReference; includeInIndex = 1; lastKnownFileType = text.xcconfig; name = "Pods-people.release.xcconfig"; path = "Pods/Target Support Files/Pods-people/Pods-people.release.xcconfig"; sourceTree = "<group>"; };
		5D77EA417A1581BFB81138B3 /* Pods-people.debug.xcconfig */ = {isa = PBXFileReference; includeInIndex = 1; lastKnownFileType = text.xcconfig; name = "Pods-people.debug.xcconfig"; path = "Pods/Target Support Files/Pods-people/Pods-people.debug.xcconfig"; sourceTree = "<group>"; };
		668A52A7F45C2FC22A2AB762 /* Pods-people Dev.debug.xcconfig */ = {isa = PBXFileReference; includeInIndex = 1; lastKnownFileType = text.xcconfig; name = "Pods-people Dev.debug.xcconfig"; path = "Pods/Target Support Files/Pods-people Dev/Pods-people Dev.debug.xcconfig"; sourceTree = "<group>"; };
		79B3F4D8212D352F00620363 /* people.app */ = {isa = PBXFileReference; explicitFileType = wrapper.application; includeInIndex = 0; path = people.app; sourceTree = BUILT_PRODUCTS_DIR; };
		79B3F4DB212D352F00620363 /* AppDelegate.swift */ = {isa = PBXFileReference; lastKnownFileType = sourcecode.swift; path = AppDelegate.swift; sourceTree = "<group>"; };
		79B3F4DD212D352F00620363 /* ViewController.swift */ = {isa = PBXFileReference; lastKnownFileType = sourcecode.swift; path = ViewController.swift; sourceTree = "<group>"; };
		79B3F4E0212D352F00620363 /* Base */ = {isa = PBXFileReference; lastKnownFileType = file.storyboard; name = Base; path = Base.lproj/Main.storyboard; sourceTree = "<group>"; };
		79B3F4E2212D353100620363 /* Assets.xcassets */ = {isa = PBXFileReference; lastKnownFileType = folder.assetcatalog; path = Assets.xcassets; sourceTree = "<group>"; };
		79B3F4E5212D353100620363 /* Base */ = {isa = PBXFileReference; lastKnownFileType = file.storyboard; name = Base; path = Base.lproj/LaunchScreen.storyboard; sourceTree = "<group>"; };
		79B3F4E7212D353100620363 /* Info.plist */ = {isa = PBXFileReference; lastKnownFileType = text.plist.xml; path = Info.plist; sourceTree = "<group>"; };
		79B3F4F9212D354700620363 /* people Dev.app */ = {isa = PBXFileReference; explicitFileType = wrapper.application; includeInIndex = 0; path = "people Dev.app"; sourceTree = BUILT_PRODUCTS_DIR; };
		79B3F4FA212D354700620363 /* people Dev.plist */ = {isa = PBXFileReference; lastKnownFileType = text.plist.xml; name = "people Dev.plist"; path = "/Users/mohammedalsafi/Desktop/people/people Dev.plist"; sourceTree = "<absolute>"; };
		79B3F4FC212D6E0100620363 /* UserServices.swift */ = {isa = PBXFileReference; fileEncoding = 4; lastKnownFileType = sourcecode.swift; path = UserServices.swift; sourceTree = "<group>"; };
		79B3F4FD212D6E0100620363 /* Address.swift */ = {isa = PBXFileReference; fileEncoding = 4; lastKnownFileType = sourcecode.swift; path = Address.swift; sourceTree = "<group>"; };
		79B3F4FE212D6E0100620363 /* User.swift */ = {isa = PBXFileReference; fileEncoding = 4; lastKnownFileType = sourcecode.swift; path = User.swift; sourceTree = "<group>"; };
		79B3F4FF212D6E0100620363 /* Geo.swift */ = {isa = PBXFileReference; fileEncoding = 4; lastKnownFileType = sourcecode.swift; path = Geo.swift; sourceTree = "<group>"; };
		79B3F508212D6EB600620363 /* Ext.swift */ = {isa = PBXFileReference; fileEncoding = 4; lastKnownFileType = sourcecode.swift; path = Ext.swift; sourceTree = "<group>"; };
		79B3F50E212D728D00620363 /* TableViewCell.swift */ = {isa = PBXFileReference; lastKnownFileType = sourcecode.swift; path = TableViewCell.swift; sourceTree = "<group>"; };
		BA318027291B37F1AC862FF0 /* Pods_people.framework */ = {isa = PBXFileReference; explicitFileType = wrapper.framework; includeInIndex = 0; path = Pods_people.framework; sourceTree = BUILT_PRODUCTS_DIR; };
/* End PBXFileReference section */

/* Begin PBXFrameworksBuildPhase section */
		79B3F4D5212D352F00620363 /* Frameworks */ = {
			isa = PBXFrameworksBuildPhase;
			buildActionMask = 2147483647;
			files = (
				9927100459F3BDB20526F00C /* Pods_people.framework in Frameworks */,
			);
			runOnlyForDeploymentPostprocessing = 0;
		};
		79B3F4F1212D354700620363 /* Frameworks */ = {
			isa = PBXFrameworksBuildPhase;
			buildActionMask = 2147483647;
			files = (
				805584442459CA3E47E8E4B5 /* Pods_people_Dev.framework in Frameworks */,
			);
			runOnlyForDeploymentPostprocessing = 0;
		};
/* End PBXFrameworksBuildPhase section */

/* Begin PBXGroup section */
		5765C1A8671AAF09EF88904C /* Frameworks */ = {
			isa = PBXGroup;
			children = (
				BA318027291B37F1AC862FF0 /* Pods_people.framework */,
				33BF9B0E41E75B234C3BD023 /* Pods_people_Dev.framework */,
			);
			name = Frameworks;
			sourceTree = "<group>";
		};
		79B3F4CF212D352F00620363 = {
			isa = PBXGroup;
			children = (
				79B3F4DA212D352F00620363 /* people */,
				79B3F4D9212D352F00620363 /* Products */,
				C2231204A5DC5EC3FA2E50FD /* Pods */,
				5765C1A8671AAF09EF88904C /* Frameworks */,
			);
			sourceTree = "<group>";
		};
		79B3F4D9212D352F00620363 /* Products */ = {
			isa = PBXGroup;
			children = (
				79B3F4D8212D352F00620363 /* people.app */,
				79B3F4F9212D354700620363 /* people Dev.app */,
			);
			name = Products;
			sourceTree = "<group>";
		};
		79B3F4DA212D352F00620363 /* people */ = {
			isa = PBXGroup;
			children = (
				79B3F4DB212D352F00620363 /* AppDelegate.swift */,
				79B3F4DD212D352F00620363 /* ViewController.swift */,
				79B3F50E212D728D00620363 /* TableViewCell.swift */,
				79B3F4DF212D352F00620363 /* Main.storyboard */,
				79B3F4E2212D353100620363 /* Assets.xcassets */,
				79B3F4E4212D353100620363 /* LaunchScreen.storyboard */,
				79B3F4FB212D6E0100620363 /* Models */,
				79B3F4E7212D353100620363 /* Info.plist */,
				79B3F4FA212D354700620363 /* people Dev.plist */,
			);
			path = people;
			sourceTree = "<group>";
		};
		79B3F4FB212D6E0100620363 /* Models */ = {
			isa = PBXGroup;
			children = (
				79B3F4FC212D6E0100620363 /* UserServices.swift */,
				79B3F4FD212D6E0100620363 /* Address.swift */,
				79B3F4FE212D6E0100620363 /* User.swift */,
				79B3F508212D6EB600620363 /* Ext.swift */,
				79B3F4FF212D6E0100620363 /* Geo.swift */,
			);
			path = Models;
			sourceTree = SOURCE_ROOT;
		};
		C2231204A5DC5EC3FA2E50FD /* Pods */ = {
			isa = PBXGroup;
			children = (
				5D77EA417A1581BFB81138B3 /* Pods-people.debug.xcconfig */,
				430DDBACB5ECFF84EFED8C31 /* Pods-people.release.xcconfig */,
				668A52A7F45C2FC22A2AB762 /* Pods-people Dev.debug.xcconfig */,
				063E7669D03909BA58303FFF /* Pods-people Dev.release.xcconfig */,
			);
			name = Pods;
			sourceTree = "<group>";
		};
/* End PBXGroup section */

/* Begin PBXNativeTarget section */
		79B3F4D7212D352F00620363 /* people */ = {
			isa = PBXNativeTarget;
			buildConfigurationList = 79B3F4EA212D353100620363 /* Build configuration list for PBXNativeTarget "people" */;
			buildPhases = (
				DDD3B068FA3C83A787B0D9F6 /* [CP] Check Pods Manifest.lock */,
				79B3F4D4212D352F00620363 /* Sources */,
				79B3F4D5212D352F00620363 /* Frameworks */,
				79B3F4D6212D352F00620363 /* Resources */,
				42DE176B25BF78E126081B85 /* [CP] Embed Pods Frameworks */,
			);
			buildRules = (
			);
			dependencies = (
			);
			name = people;
			productName = people;
			productReference = 79B3F4D8212D352F00620363 /* people.app */;
			productType = "com.apple.product-type.application";
		};
		79B3F4ED212D354700620363 /* people Dev */ = {
			isa = PBXNativeTarget;
			buildConfigurationList = 79B3F4F6212D354700620363 /* Build configuration list for PBXNativeTarget "people Dev" */;
			buildPhases = (
				4313D4A8714AEB16D35F14DA /* [CP] Check Pods Manifest.lock */,
				79B3F4EE212D354700620363 /* Sources */,
				79B3F4F1212D354700620363 /* Frameworks */,
				79B3F4F2212D354700620363 /* Resources */,
				F05CB5301BA0253F0C455A26 /* [CP] Embed Pods Frameworks */,
			);
			buildRules = (
			);
			dependencies = (
			);
			name = "people Dev";
			productName = people;
			productReference = 79B3F4F9212D354700620363 /* people Dev.app */;
			productType = "com.apple.product-type.application";
		};
/* End PBXNativeTarget section */

/* Begin PBXProject section */
		79B3F4D0212D352F00620363 /* Project object */ = {
			isa = PBXProject;
			attributes = {
				LastSwiftUpdateCheck = 0940;
				LastUpgradeCheck = 0940;
				ORGANIZATIONNAME = "Mohammed Alsafi";
				TargetAttributes = {
					79B3F4D7212D352F00620363 = {
						CreatedOnToolsVersion = 9.4.1;
					};
				};
			};
			buildConfigurationList = 79B3F4D3212D352F00620363 /* Build configuration list for PBXProject "people" */;
			compatibilityVersion = "Xcode 9.3";
			developmentRegion = en;
			hasScannedForEncodings = 0;
			knownRegions = (
				en,
				Base,
			);
			mainGroup = 79B3F4CF212D352F00620363;
			productRefGroup = 79B3F4D9212D352F00620363 /* Products */;
			projectDirPath = "";
			projectRoot = "";
			targets = (
				79B3F4D7212D352F00620363 /* people */,
				79B3F4ED212D354700620363 /* people Dev */,
			);
		};
/* End PBXProject section */

/* Begin PBXResourcesBuildPhase section */
		79B3F4D6212D352F00620363 /* Resources */ = {
			isa = PBXResourcesBuildPhase;
			buildActionMask = 2147483647;
			files = (
				79B3F4E6212D353100620363 /* LaunchScreen.storyboard in Resources */,
				79B3F4E3212D353100620363 /* Assets.xcassets in Resources */,
				79B3F4E1212D352F00620363 /* Main.storyboard in Resources */,
			);
			runOnlyForDeploymentPostprocessing = 0;
		};
		79B3F4F2212D354700620363 /* Resources */ = {
			isa = PBXResourcesBuildPhase;
			buildActionMask = 2147483647;
			files = (
				79B3F4F3212D354700620363 /* LaunchScreen.storyboard in Resources */,
				79B3F4F4212D354700620363 /* Assets.xcassets in Resources */,
				79B3F4F5212D354700620363 /* Main.storyboard in Resources */,
			);
			runOnlyForDeploymentPostprocessing = 0;
		};
/* End PBXResourcesBuildPhase section */

/* Begin PBXShellScriptBuildPhase section */
		42DE176B25BF78E126081B85 /* [CP] Embed Pods Frameworks */ = {
			isa = PBXShellScriptBuildPhase;
			buildActionMask = 2147483647;
			files = (
			);
			inputPaths = (
				"${SRCROOT}/Pods/Target Support Files/Pods-people/Pods-people-frameworks.sh",
				"${BUILT_PRODUCTS_DIR}/Alamofire/Alamofire.framework",
				"${BUILT_PRODUCTS_DIR}/Moya/Moya.framework",
				"${BUILT_PRODUCTS_DIR}/Realm/Realm.framework",
				"${BUILT_PRODUCTS_DIR}/RealmSwift/RealmSwift.framework",
				"${BUILT_PRODUCTS_DIR}/Result/Result.framework",
				"${BUILT_PRODUCTS_DIR}/SwiftMessages/SwiftMessages.framework",
				"${BUILT_PRODUCTS_DIR}/SwiftyJSON/SwiftyJSON.framework",
			);
			name = "[CP] Embed Pods Frameworks";
			outputPaths = (
				"${TARGET_BUILD_DIR}/${FRAMEWORKS_FOLDER_PATH}/Alamofire.framework",
				"${TARGET_BUILD_DIR}/${FRAMEWORKS_FOLDER_PATH}/Moya.framework",
				"${TARGET_BUILD_DIR}/${FRAMEWORKS_FOLDER_PATH}/Realm.framework",
				"${TARGET_BUILD_DIR}/${FRAMEWORKS_FOLDER_PATH}/RealmSwift.framework",
				"${TARGET_BUILD_DIR}/${FRAMEWORKS_FOLDER_PATH}/Result.framework",
				"${TARGET_BUILD_DIR}/${FRAMEWORKS_FOLDER_PATH}/SwiftMessages.framework",
				"${TARGET_BUILD_DIR}/${FRAMEWORKS_FOLDER_PATH}/SwiftyJSON.framework",
			);
			runOnlyForDeploymentPostprocessing = 0;
			shellPath = /bin/sh;
			shellScript = "\"${SRCROOT}/Pods/Target Support Files/Pods-people/Pods-people-frameworks.sh\"\n";
			showEnvVarsInLog = 0;
		};
		4313D4A8714AEB16D35F14DA /* [CP] Check Pods Manifest.lock */ = {
			isa = PBXShellScriptBuildPhase;
			buildActionMask = 2147483647;
			files = (
			);
			inputPaths = (
				"${PODS_PODFILE_DIR_PATH}/Podfile.lock",
				"${PODS_ROOT}/Manifest.lock",
			);
			name = "[CP] Check Pods Manifest.lock";
			outputPaths = (
				"$(DERIVED_FILE_DIR)/Pods-people Dev-checkManifestLockResult.txt",
			);
			runOnlyForDeploymentPostprocessing = 0;
			shellPath = /bin/sh;
			shellScript = "diff \"${PODS_PODFILE_DIR_PATH}/Podfile.lock\" \"${PODS_ROOT}/Manifest.lock\" > /dev/null\nif [ $? != 0 ] ; then\n    # print error to STDERR\n    echo \"error: The sandbox is not in sync with the Podfile.lock. Run 'pod install' or update your CocoaPods installation.\" >&2\n    exit 1\nfi\n# This output is used by Xcode 'outputs' to avoid re-running this script phase.\necho \"SUCCESS\" > \"${SCRIPT_OUTPUT_FILE_0}\"\n";
			showEnvVarsInLog = 0;
		};
		DDD3B068FA3C83A787B0D9F6 /* [CP] Check Pods Manifest.lock */ = {
			isa = PBXShellScriptBuildPhase;
			buildActionMask = 2147483647;
			files = (
			);
			inputPaths = (
				"${PODS_PODFILE_DIR_PATH}/Podfile.lock",
				"${PODS_ROOT}/Manifest.lock",
			);
			name = "[CP] Check Pods Manifest.lock";
			outputPaths = (
				"$(DERIVED_FILE_DIR)/Pods-people-checkManifestLockResult.txt",
			);
			runOnlyForDeploymentPostprocessing = 0;
			shellPath = /bin/sh;
			shellScript = "diff \"${PODS_PODFILE_DIR_PATH}/Podfile.lock\" \"${PODS_ROOT}/Manifest.lock\" > /dev/null\nif [ $? != 0 ] ; then\n    # print error to STDERR\n    echo \"error: The sandbox is not in sync with the Podfile.lock. Run 'pod install' or update your CocoaPods installation.\" >&2\n    exit 1\nfi\n# This output is used by Xcode 'outputs' to avoid re-running this script phase.\necho \"SUCCESS\" > \"${SCRIPT_OUTPUT_FILE_0}\"\n";
			showEnvVarsInLog = 0;
		};
		F05CB5301BA0253F0C455A26 /* [CP] Embed Pods Frameworks */ = {
			isa = PBXShellScriptBuildPhase;
			buildActionMask = 2147483647;
			files = (
			);
			inputPaths = (
				"${SRCROOT}/Pods/Target Support Files/Pods-people Dev/Pods-people Dev-frameworks.sh",
				"${BUILT_PRODUCTS_DIR}/Alamofire/Alamofire.framework",
				"${BUILT_PRODUCTS_DIR}/Moya/Moya.framework",
				"${BUILT_PRODUCTS_DIR}/Realm/Realm.framework",
				"${BUILT_PRODUCTS_DIR}/RealmSwift/RealmSwift.framework",
				"${BUILT_PRODUCTS_DIR}/Result/Result.framework",
				"${BUILT_PRODUCTS_DIR}/SwiftMessages/SwiftMessages.framework",
				"${BUILT_PRODUCTS_DIR}/SwiftyJSON/SwiftyJSON.framework",
			);
			name = "[CP] Embed Pods Frameworks";
			outputPaths = (
				"${TARGET_BUILD_DIR}/${FRAMEWORKS_FOLDER_PATH}/Alamofire.framework",
				"${TARGET_BUILD_DIR}/${FRAMEWORKS_FOLDER_PATH}/Moya.framework",
				"${TARGET_BUILD_DIR}/${FRAMEWORKS_FOLDER_PATH}/Realm.framework",
				"${TARGET_BUILD_DIR}/${FRAMEWORKS_FOLDER_PATH}/RealmSwift.framework",
				"${TARGET_BUILD_DIR}/${FRAMEWORKS_FOLDER_PATH}/Result.framework",
				"${TARGET_BUILD_DIR}/${FRAMEWORKS_FOLDER_PATH}/SwiftMessages.framework",
				"${TARGET_BUILD_DIR}/${FRAMEWORKS_FOLDER_PATH}/SwiftyJSON.framework",
			);
			runOnlyForDeploymentPostprocessing = 0;
			shellPath = /bin/sh;
			shellScript = "\"${SRCROOT}/Pods/Target Support Files/Pods-people Dev/Pods-people Dev-frameworks.sh\"\n";
			showEnvVarsInLog = 0;
		};
/* End PBXShellScriptBuildPhase section */

/* Begin PBXSourcesBuildPhase section */
		79B3F4D4212D352F00620363 /* Sources */ = {
			isa = PBXSourcesBuildPhase;
			buildActionMask = 2147483647;
			files = (
				79B3F4DE212D352F00620363 /* ViewController.swift in Sources */,
				79B3F50F212D728D00620363 /* TableViewCell.swift in Sources */,
				79B3F500212D6E0100620363 /* UserServices.swift in Sources */,
				79B3F502212D6E0100620363 /* Address.swift in Sources */,
				79B3F504212D6E0100620363 /* User.swift in Sources */,
				79B3F4DC212D352F00620363 /* AppDelegate.swift in Sources */,
				79B3F506212D6E0100620363 /* Geo.swift in Sources */,
				79B3F509212D6EB600620363 /* Ext.swift in Sources */,
			);
			runOnlyForDeploymentPostprocessing = 0;
		};
		79B3F4EE212D354700620363 /* Sources */ = {
			isa = PBXSourcesBuildPhase;
			buildActionMask = 2147483647;
			files = (
				79B3F4EF212D354700620363 /* ViewController.swift in Sources */,
				79B3F510212D728D00620363 /* TableViewCell.swift in Sources */,
				79B3F501212D6E0100620363 /* UserServices.swift in Sources */,
				79B3F503212D6E0100620363 /* Address.swift in Sources */,
				79B3F505212D6E0100620363 /* User.swift in Sources */,
				79B3F4F0212D354700620363 /* AppDelegate.swift in Sources */,
				79B3F507212D6E0100620363 /* Geo.swift in Sources */,
				79B3F50A212D6EB600620363 /* Ext.swift in Sources */,
			);
			runOnlyForDeploymentPostprocessing = 0;
		};
/* End PBXSourcesBuildPhase section */

/* Begin PBXVariantGroup section */
		79B3F4DF212D352F00620363 /* Main.storyboard */ = {
			isa = PBXVariantGroup;
			children = (
				79B3F4E0212D352F00620363 /* Base */,
			);
			name = Main.storyboard;
			sourceTree = "<group>";
		};
		79B3F4E4212D353100620363 /* LaunchScreen.storyboard */ = {
			isa = PBXVariantGroup;
			children = (
				79B3F4E5212D353100620363 /* Base */,
			);
			name = LaunchScreen.storyboard;
			sourceTree = "<group>";
		};
/* End PBXVariantGroup section */

/* Begin XCBuildConfiguration section */
		79B3F4E8212D353100620363 /* Debug */ = {
			isa = XCBuildConfiguration;
			buildSettings = {
				ALWAYS_SEARCH_USER_PATHS = NO;
				CLANG_ANALYZER_NONNULL = YES;
				CLANG_ANALYZER_NUMBER_OBJECT_CONVERSION = YES_AGGRESSIVE;
				CLANG_CXX_LANGUAGE_STANDARD = "gnu++14";
				CLANG_CXX_LIBRARY = "libc++";
				CLANG_ENABLE_MODULES = YES;
				CLANG_ENABLE_OBJC_ARC = YES;
				CLANG_ENABLE_OBJC_WEAK = YES;
				CLANG_WARN_BLOCK_CAPTURE_AUTORELEASING = YES;
				CLANG_WARN_BOOL_CONVERSION = YES;
				CLANG_WARN_COMMA = YES;
				CLANG_WARN_CONSTANT_CONVERSION = YES;
				CLANG_WARN_DEPRECATED_OBJC_IMPLEMENTATIONS = YES;
				CLANG_WARN_DIRECT_OBJC_ISA_USAGE = YES_ERROR;
				CLANG_WARN_DOCUMENTATION_COMMENTS = YES;
				CLANG_WARN_EMPTY_BODY = YES;
				CLANG_WARN_ENUM_CONVERSION = YES;
				CLANG_WARN_INFINITE_RECURSION = YES;
				CLANG_WARN_INT_CONVERSION = YES;
				CLANG_WARN_NON_LITERAL_NULL_CONVERSION = YES;
				CLANG_WARN_OBJC_IMPLICIT_RETAIN_SELF = YES;
				CLANG_WARN_OBJC_LITERAL_CONVERSION = YES;
				CLANG_WARN_OBJC_ROOT_CLASS = YES_ERROR;
				CLANG_WARN_RANGE_LOOP_ANALYSIS = YES;
				CLANG_WARN_STRICT_PROTOTYPES = YES;
				CLANG_WARN_SUSPICIOUS_MOVE = YES;
				CLANG_WARN_UNGUARDED_AVAILABILITY = YES_AGGRESSIVE;
				CLANG_WARN_UNREACHABLE_CODE = YES;
				CLANG_WARN__DUPLICATE_METHOD_MATCH = YES;
				CODE_SIGN_IDENTITY = "iPhone Developer";
				COPY_PHASE_STRIP = NO;
				DEBUG_INFORMATION_FORMAT = dwarf;
				ENABLE_STRICT_OBJC_MSGSEND = YES;
				ENABLE_TESTABILITY = YES;
				GCC_C_LANGUAGE_STANDARD = gnu11;
				GCC_DYNAMIC_NO_PIC = NO;
				GCC_NO_COMMON_BLOCKS = YES;
				GCC_OPTIMIZATION_LEVEL = 0;
				GCC_PREPROCESSOR_DEFINITIONS = (
					"DEBUG=1",
					"$(inherited)",
				);
				GCC_WARN_64_TO_32_BIT_CONVERSION = YES;
				GCC_WARN_ABOUT_RETURN_TYPE = YES_ERROR;
				GCC_WARN_UNDECLARED_SELECTOR = YES;
				GCC_WARN_UNINITIALIZED_AUTOS = YES_AGGRESSIVE;
				GCC_WARN_UNUSED_FUNCTION = YES;
				GCC_WARN_UNUSED_VARIABLE = YES;
				IPHONEOS_DEPLOYMENT_TARGET = 11.4;
				MTL_ENABLE_DEBUG_INFO = YES;
				ONLY_ACTIVE_ARCH = YES;
				SDKROOT = iphoneos;
				SWIFT_ACTIVE_COMPILATION_CONDITIONS = DEBUG;
				SWIFT_OPTIMIZATION_LEVEL = "-Onone";
			};
			name = Debug;
		};
		79B3F4E9212D353100620363 /* Release */ = {
			isa = XCBuildConfiguration;
			buildSettings = {
				ALWAYS_SEARCH_USER_PATHS = NO;
				CLANG_ANALYZER_NONNULL = YES;
				CLANG_ANALYZER_NUMBER_OBJECT_CONVERSION = YES_AGGRESSIVE;
				CLANG_CXX_LANGUAGE_STANDARD = "gnu++14";
				CLANG_CXX_LIBRARY = "libc++";
				CLANG_ENABLE_MODULES = YES;
				CLANG_ENABLE_OBJC_ARC = YES;
				CLANG_ENABLE_OBJC_WEAK = YES;
				CLANG_WARN_BLOCK_CAPTURE_AUTORELEASING = YES;
				CLANG_WARN_BOOL_CONVERSION = YES;
				CLANG_WARN_COMMA = YES;
				CLANG_WARN_CONSTANT_CONVERSION = YES;
				CLANG_WARN_DEPRECATED_OBJC_IMPLEMENTATIONS = YES;
				CLANG_WARN_DIRECT_OBJC_ISA_USAGE = YES_ERROR;
				CLANG_WARN_DOCUMENTATION_COMMENTS = YES;
				CLANG_WARN_EMPTY_BODY = YES;
				CLANG_WARN_ENUM_CONVERSION = YES;
				CLANG_WARN_INFINITE_RECURSION = YES;
				CLANG_WARN_INT_CONVERSION = YES;
				CLANG_WARN_NON_LITERAL_NULL_CONVERSION = YES;
				CLANG_WARN_OBJC_IMPLICIT_RETAIN_SELF = YES;
				CLANG_WARN_OBJC_LITERAL_CONVERSION = YES;
				CLANG_WARN_OBJC_ROOT_CLASS = YES_ERROR;
				CLANG_WARN_RANGE_LOOP_ANALYSIS = YES;
				CLANG_WARN_STRICT_PROTOTYPES = YES;
				CLANG_WARN_SUSPICIOUS_MOVE = YES;
				CLANG_WARN_UNGUARDED_AVAILABILITY = YES_AGGRESSIVE;
				CLANG_WARN_UNREACHABLE_CODE = YES;
				CLANG_WARN__DUPLICATE_METHOD_MATCH = YES;
				CODE_SIGN_IDENTITY = "iPhone Developer";
				COPY_PHASE_STRIP = NO;
				DEBUG_INFORMATION_FORMAT = "dwarf-with-dsym";
				ENABLE_NS_ASSERTIONS = NO;
				ENABLE_STRICT_OBJC_MSGSEND = YES;
				GCC_C_LANGUAGE_STANDARD = gnu11;
				GCC_NO_COMMON_BLOCKS = YES;
				GCC_WARN_64_TO_32_BIT_CONVERSION = YES;
				GCC_WARN_ABOUT_RETURN_TYPE = YES_ERROR;
				GCC_WARN_UNDECLARED_SELECTOR = YES;
				GCC_WARN_UNINITIALIZED_AUTOS = YES_AGGRESSIVE;
				GCC_WARN_UNUSED_FUNCTION = YES;
				GCC_WARN_UNUSED_VARIABLE = YES;
				IPHONEOS_DEPLOYMENT_TARGET = 11.4;
				MTL_ENABLE_DEBUG_INFO = NO;
				SDKROOT = iphoneos;
				SWIFT_COMPILATION_MODE = wholemodule;
				SWIFT_OPTIMIZATION_LEVEL = "-O";
				VALIDATE_PRODUCT = YES;
			};
			name = Release;
		};
		79B3F4EB212D353100620363 /* Debug */ = {
			isa = XCBuildConfiguration;
			baseConfigurationReference = 5D77EA417A1581BFB81138B3 /* Pods-people.debug.xcconfig */;
			buildSettings = {
				ASSETCATALOG_COMPILER_APPICON_NAME = AppIcon;
				CODE_SIGN_STYLE = Automatic;
				DEVELOPMENT_TEAM = N9AWAY5DHZ;
				INFOPLIST_FILE = people/Info.plist;
				IPHONEOS_DEPLOYMENT_TARGET = 11.4;
				LD_RUNPATH_SEARCH_PATHS = (
					"$(inherited)",
					"@executable_path/Frameworks",
				);
				PRODUCT_BUNDLE_IDENTIFIER = com.example..people;
				PRODUCT_NAME = "$(TARGET_NAME)";
				SWIFT_VERSION = 4.0;
				TARGETED_DEVICE_FAMILY = 1;
			};
			name = Debug;
		};
		79B3F4EC212D353100620363 /* Release */ = {
			isa = XCBuildConfiguration;
			baseConfigurationReference = 430DDBACB5ECFF84EFED8C31 /* Pods-people.release.xcconfig */;
			buildSettings = {
				ASSETCATALOG_COMPILER_APPICON_NAME = AppIcon;
				CODE_SIGN_STYLE = Automatic;
				DEVELOPMENT_TEAM = N9AWAY5DHZ;
				INFOPLIST_FILE = people/Info.plist;
				IPHONEOS_DEPLOYMENT_TARGET = 11.4;
				LD_RUNPATH_SEARCH_PATHS = (
					"$(inherited)",
					"@executable_path/Frameworks",
				);
				PRODUCT_BUNDLE_IDENTIFIER = com.example..people;
				PRODUCT_NAME = "$(TARGET_NAME)";
				SWIFT_VERSION = 4.0;
				TARGETED_DEVICE_FAMILY = 1;
			};
			name = Release;
		};
		79B3F4F7212D354700620363 /* Debug */ = {
			isa = XCBuildConfiguration;
			baseConfigurationReference = 668A52A7F45C2FC22A2AB762 /* Pods-people Dev.debug.xcconfig */;
			buildSettings = {
				ASSETCATALOG_COMPILER_APPICON_NAME = AppIcon;
				CODE_SIGN_STYLE = Automatic;
				DEVELOPMENT_TEAM = N9AWAY5DHZ;
				INFOPLIST_FILE = "people Dev.plist";
				IPHONEOS_DEPLOYMENT_TARGET = 11.4;
				LD_RUNPATH_SEARCH_PATHS = (
					"$(inherited)",
					"@executable_path/Frameworks",
				);
				PRODUCT_BUNDLE_IDENTIFIER = "com.example..people-Dev";
				PRODUCT_NAME = "$(TARGET_NAME)";
				SWIFT_VERSION = 4.0;
				TARGETED_DEVICE_FAMILY = 1;
			};
			name = Debug;
		};
		79B3F4F8212D354700620363 /* Release */ = {
			isa = XCBuildConfiguration;
			baseConfigurationReference = 063E7669D03909BA58303FFF /* Pods-people Dev.release.xcconfig */;
			buildSettings = {
				ASSETCATALOG_COMPILER_APPICON_NAME = AppIcon;
				CODE_SIGN_STYLE = Automatic;
				DEVELOPMENT_TEAM = N9AWAY5DHZ;
				INFOPLIST_FILE = "people Dev.plist";
				IPHONEOS_DEPLOYMENT_TARGET = 11.4;
				LD_RUNPATH_SEARCH_PATHS = (
					"$(inherited)",
					"@executable_path/Frameworks",
				);
				PRODUCT_BUNDLE_IDENTIFIER = "com.example..people-Dev";
				PRODUCT_NAME = "$(TARGET_NAME)";
				SWIFT_VERSION = 4.0;
				TARGETED_DEVICE_FAMILY = 1;
			};
			name = Release;
		};
/* End XCBuildConfiguration section */

/* Begin XCConfigurationList section */
		79B3F4D3212D352F00620363 /* Build configuration list for PBXProject "people" */ = {
			isa = XCConfigurationList;
			buildConfigurations = (
				79B3F4E8212D353100620363 /* Debug */,
				79B3F4E9212D353100620363 /* Release */,
			);
			defaultConfigurationIsVisible = 0;
			defaultConfigurationName = Release;
		};
		79B3F4EA212D353100620363 /* Build configuration list for PBXNativeTarget "people" */ = {
			isa = XCConfigurationList;
			buildConfigurations = (
				79B3F4EB212D353100620363 /* Debug */,
				79B3F4EC212D353100620363 /* Release */,
			);
			defaultConfigurationIsVisible = 0;
			defaultConfigurationName = Release;
		};
		79B3F4F6212D354700620363 /* Build configuration list for PBXNativeTarget "people Dev" */ = {
			isa = XCConfigurationList;
			buildConfigurations = (
				79B3F4F7212D354700620363 /* Debug */,
				79B3F4F8212D354700620363 /* Release */,
			);
			defaultConfigurationIsVisible = 0;
			defaultConfigurationName = Release;
		};
/* End XCConfigurationList section */
	};
	rootObject = 79B3F4D0212D352F00620363 /* Project object */;
}
